
Microsoft Visual Studio Solution File, Format Version 12.00
# Visual Studio 15
VisualStudioVersion = 15.0.28010.2048
MinimumVisualStudioVersion = 10.0.40219.1
Project("{FAE04EC0-301F-11D3-BF4B-00C04F79EFBC}") = "WIFI.Sisharp.Training.Wert", "WIFI.Sisharp.Training.Wert\WIFI.Sisharp.Training.Wert.csproj", "{97359568-65DE-486C-AF99-E0417DC99B95}"
EndProject
Project("{FAE04EC0-301F-11D3-BF4B-00C04F79EFBC}") = "WIFI.Sisharp.Training.Arrays", "WIFI.Sisharp.Training.Arrays\WIFI.Sisharp.Training.Arrays.csproj", "{F3E2EADF-088D-42F1-A89B-6613ECDDC81E}"
EndProject
Project("{FAE04EC0-301F-11D3-BF4B-00C04F79EFBC}") = "WIFI.Sisharp.Training.Delegate", "WIFI.Sisharp.Training.Delegate\WIFI.Sisharp.Training.Delegate.csproj", "{D77BD9E0-4748-47CF-A0BD-D825F31BA8AC}"
EndProject
Project("{FAE04EC0-301F-11D3-BF4B-00C04F79EFBC}") = "WIFI.Sisharp.Training.Listen", "WIFI.Sisharp.Training.Listen\WIFI.Sisharp.Training.Listen.csproj", "{87774A37-A913-42BC-B8B3-CB221CD1DD03}"
EndProject
Project("{FAE04EC0-301F-11D3-BF4B-00C04F79EFBC}") = "WIFI.Sisharp.Training.Objekt", "WIFI.Sisharp.Training.Objekt\WIFI.Sisharp.Training.Objekt.csproj", "{77DDBA73-7C93-426F-B335-8EA869490DEF}"
EndProject
Project("{FAE04EC0-301F-11D3-BF4B-00C04F79EFBC}") = "WIFI.Sisharp.Training.Schnittstellen", "WIFI.Sisharp.Training.Schnittstellen\WIFI.Sisharp.Training.Schnittstellen.csproj", "{F5636DF8-C108-4E60-B616-C67A85047C8B}"
EndProject
Project("{FAE04EC0-301F-11D3-BF4B-00C04F79EFBC}") = "WIFI.Sisharp.Training.Vererbung", "WIFI.Sisharp.Training.Vererbung\WIFI.Sisharp.Training.Vererbung.csproj", "{DD8DBF55-6BDC-4575-8123-CA49F1154728}"
EndProject
Project("{FAE04EC0-301F-11D3-BF4B-00C04F79EFBC}") = "WIFI.Sisharp.Training.Verweistyp", "WIFI.Sisharp.Training.Verweistyp\WIFI.Sisharp.Training.Verweistyp.csproj", "{DEC727CB-892D-4851-ABD8-AE76C429EA0F}"
EndProject
Project("{FAE04EC0-301F-11D3-BF4B-00C04F79EFBC}") = "WIFI.Sisharp.Training.ZeigerObjekt", "WIFI.Sisharp.Training.ZeigerObjekt\WIFI.Sisharp.Training.ZeigerObjekt.csproj", "{63FE7574-F395-4BEE-A81A-3376CD1E7E0D}"
EndProject
Project("{FAE04EC0-301F-11D3-BF4B-00C04F79EFBC}") = "WIFI.Sisharp.Training.Generika", "WIFI.Sisharp.Training.Generika\WIFI.Sisharp.Training.Generika.csproj", "{BB8A8434-1FCF-4C97-AF94-C187D0D16398}"
EndProject
Project("{FAE04EC0-301F-11D3-BF4B-00C04F79EFBC}") = "WIFI.Anwendung", "WIFI.Anwendung\WIFI.Anwendung.csproj", "{421ED9BF-FF1A-4B2A-9C18-B7CFDDB6E604}"
EndProject
Project("{FAE04EC0-301F-11D3-BF4B-00C04F79EFBC}") = "WIFI.Anwendung.Daten", "WIFI.Anwendung.Daten\WIFI.Anwendung.Daten.csproj", "{6C04165A-DB2A-46F7-962B-BBD13F8D1636}"
EndProject
Project("{FAE04EC0-301F-11D3-BF4B-00C04F79EFBC}") = "WIFI.Sisharp.Training.WPF", "WIFI.Sisharp.Training.WPF\WIFI.Sisharp.Training.WPF.csproj", "{D15C570A-2534-42ED-B362-22227EACB7FB}"
EndProject
Project("{FAE04EC0-301F-11D3-BF4B-00C04F79EFBC}") = "wifi.sisharp.training.wcf", "wifi.sisharp.training.wcf\wifi.sisharp.training.wcf.csproj", "{B9C87657-97E0-4BC7-835E-ABE4AFCA8A9A}"
EndProject
Project("{FAE04EC0-301F-11D3-BF4B-00C04F79EFBC}") = "WIFI.Sisharp.Training.WCFClient", "WIFI.Sisharp.Training.WCFClient\WIFI.Sisharp.Training.WCFClient.csproj", "{13D6BA8A-1932-4DDB-91A7-A3511AD1723C}"
	ProjectSection(ProjectDependencies) = postProject
		{B9C87657-97E0-4BC7-835E-ABE4AFCA8A9A} = {B9C87657-97E0-4BC7-835E-ABE4AFCA8A9A}
	EndProjectSection
EndProject
Project("{FAE04EC0-301F-11D3-BF4B-00C04F79EFBC}") = "WIFI.Sisharp.Training.Word", "WIFI.Sisharp.Training.Word\WIFI.Sisharp.Training.Word.csproj", "{93F885AF-7FDF-41F3-87FB-B0FC9E25E60A}"
EndProject
Project("{FAE04EC0-301F-11D3-BF4B-00C04F79EFBC}") = "WIFI.Sisharp.Training.TreeView", "WIFI.Sisharp.Training.TreeView\WIFI.Sisharp.Training.TreeView.csproj", "{3371C341-0881-41C9-B520-01B96F186CCF}"
EndProject
Project("{FAE04EC0-301F-11D3-BF4B-00C04F79EFBC}") = "WIFI.Sisharp.TreeViewBinding", "WIFI.Sisharp.TreeViewBinding\WIFI.Sisharp.TreeViewBinding.csproj", "{AB184498-140F-44C8-9B10-4818413229F7}"
EndProject
Project("{FAE04EC0-301F-11D3-BF4B-00C04F79EFBC}") = "WIFI.Sisharp.Training.UniqueIdentifier", "WIFI.Sisharp.Training.UniqueIdentifier\WIFI.Sisharp.Training.UniqueIdentifier.csproj", "{F8E6B96C-A55E-4ED9-AD3C-DD8704DE21C1}"
EndProject
Project("{FAE04EC0-301F-11D3-BF4B-00C04F79EFBC}") = "WIFI.Sisharp.Training.Linq", "WIFI.Sisharp.Training.Linq\WIFI.Sisharp.Training.Linq.csproj", "{0BC2A5B9-6B3E-4CF1-9661-DEF3D858A82D}"
EndProject
Project("{FAE04EC0-301F-11D3-BF4B-00C04F79EFBC}") = "WIFI.Sisharp.Training.Anweisung", "WIFI.Sisharp.Training.Anweisung\WIFI.Sisharp.Training.Anweisung.csproj", "{D71C1D74-AF31-46BE-A2F3-6AE8813BAA72}"
EndProject
Project("{FAE04EC0-301F-11D3-BF4B-00C04F79EFBC}") = "WIFI.Sisharp.Training.Konstruktor", "WIFI.Sisharp.Training.Konstruktor\WIFI.Sisharp.Training.Konstruktor.csproj", "{20E3C178-BCA9-42DE-BDA5-AFB7CC622F29}"
EndProject
Project("{FAE04EC0-301F-11D3-BF4B-00C04F79EFBC}") = "WIFI.Sisharp.Training.Multithreading", "WIFI.Sisharp.Training.Multithreading\WIFI.Sisharp.Training.Multithreading.csproj", "{8DFBE002-C534-4AC2-AA00-4D86FB786579}"
EndProject
Project("{FAE04EC0-301F-11D3-BF4B-00C04F79EFBC}") = "WIFI.Sisharp.Training.Enumaration", "WIFI.Sisharp.Training.Enumaration\WIFI.Sisharp.Training.Enumaration.csproj", "{592F41EE-18E9-4DA8-BEE5-A5A52B2613D9}"
EndProject
Project("{FAE04EC0-301F-11D3-BF4B-00C04F79EFBC}") = "WIFI.Sisharp.Training.Struktur", "WIFI.Sisharp.Training.Struktur\WIFI.Sisharp.Training.Struktur.csproj", "{2A9BB45F-84B3-4D3E-A5EE-9755C805F628}"
EndProject
Project("{FAE04EC0-301F-11D3-BF4B-00C04F79EFBC}") = "WIFI.Sisharp.Training.Async", "WIFI.Sisharp.Training.Async\WIFI.Sisharp.Training.Async.csproj", "{05245192-E07B-40B9-ADE6-B6410024C4D1}"
EndProject
Project("{FAE04EC0-301F-11D3-BF4B-00C04F79EFBC}") = "WIFI.Sisharp.Training.Ereignisse", "WIFI.Sisharp.Training.Ereignisse\WIFI.Sisharp.Training.Ereignisse.csproj", "{B069A236-4056-49FD-B049-946F32A9E846}"
EndProject
Project("{FAE04EC0-301F-11D3-BF4B-00C04F79EFBC}") = "WIFI.Sisharp.Training.LambdaExpression", "WIFI.Sisharp.Training.LambdaExpression\WIFI.Sisharp.Training.LambdaExpression.csproj", "{9F725834-185B-427C-B45C-CCE21DAFF45A}"
EndProject
Project("{FAE04EC0-301F-11D3-BF4B-00C04F79EFBC}") = "WIFI.Sisharp.Training.AnonymeMethode", "WIFI.Sisharp.Training.AnonymeMethode\WIFI.Sisharp.Training.AnonymeMethode.csproj", "{2A8C3116-79A3-4E59-9DE4-C519F5EB28F1}"
EndProject
Project("{FAE04EC0-301F-11D3-BF4B-00C04F79EFBC}") = "WIFI.Sisharp.Z_NL_Training.AnonymeMethoden", "WIFI.Sisharp.Z_NL_Training.AnonymeMethoden\WIFI.Sisharp.Z_NL_Training.AnonymeMethoden.csproj", "{9BEA3A9E-726C-4C8D-9EE2-A11DD0A75AAA}"
EndProject
Project("{FAE04EC0-301F-11D3-BF4B-00C04F79EFBC}") = "WIFI.Sisharp.Z_NL_Training.Dokumentationskommentar", "WIFI.Sisharp.Z_NL_Training.Dokumentationskommentar\WIFI.Sisharp.Z_NL_Training.Dokumentationskommentar.csproj", "{24A03BCD-E8A5-4CCE-A2C7-572C86798DBE}"
EndProject
Project("{FAE04EC0-301F-11D3-BF4B-00C04F79EFBC}") = "WIFI.Sisharp.Z_NL_Training.Ereignisse", "WIFI.Sisharp.Z_NL_Training.Ereignisse\WIFI.Sisharp.Z_NL_Training.Ereignisse.csproj", "{3AB78A8A-D1F0-4487-9C8C-06A3E935840A}"
EndProject
Project("{FAE04EC0-301F-11D3-BF4B-00C04F79EFBC}") = "WIFI.Sisharp.Z_NL_Training.Ereignisse2", "WIFI.Sisharp.Z_NL_Training.Ereignisse2\WIFI.Sisharp.Z_NL_Training.Ereignisse2.csproj", "{CE6BA727-BFE6-4ACE-874F-DD3F689BF0CF}"
EndProject
Project("{FAE04EC0-301F-11D3-BF4B-00C04F79EFBC}") = "WIFI.Sisharp.Z_NL_Training.Interfaces", "WIFI.Sisharp.Z_NL_Training.Interfaces\WIFI.Sisharp.Z_NL_Training.Interfaces.csproj", "{EE653A35-F96D-4998-A4BB-3F8801C92937}"
EndProject
Project("{FAE04EC0-301F-11D3-BF4B-00C04F79EFBC}") = "WIFI.Sisharp.Z_NL_Training.Klassenbibliothek", "WIFI.Sisharp.Z_NL_Training.Klassenbibliothek\WIFI.Sisharp.Z_NL_Training.Klassenbibliothek.csproj", "{2DCB303A-17A1-46C3-BAB3-76A5A137036D}"
EndProject
Project("{FAE04EC0-301F-11D3-BF4B-00C04F79EFBC}") = "WIFI.Sisharp.Z_NL_Training.Lambdas", "WIFI.Sisharp.Z_NL_Training.Lambdas\WIFI.Sisharp.Z_NL_Training.Lambdas.csproj", "{3C39FA10-63A7-4A07-9C5A-A0CB58B97C7B}"
EndProject
Project("{FAE04EC0-301F-11D3-BF4B-00C04F79EFBC}") = "WIFI.Sisharp.Z_NL_Training.Linq", "WIFI.Sisharp.Z_NL_Training.Linq\WIFI.Sisharp.Z_NL_Training.Linq.csproj", "{F88DF8C3-E2A3-4C46-BA06-DE2FBD28B96A}"
EndProject
Project("{FAE04EC0-301F-11D3-BF4B-00C04F79EFBC}") = "WIFI.Sisharp.Z_NL_Training.Modifizierer", "WIFI.Sisharp.Z_NL_Training.Modifizierer\WIFI.Sisharp.Z_NL_Training.Modifizierer.csproj", "{DE8127CB-4D9D-411A-958E-5171954D471A}"
EndProject
Project("{FAE04EC0-301F-11D3-BF4B-00C04F79EFBC}") = "WIFI.Sisharp.Z_NL_Training.DateTimeTry", "WIFI.Sisharp.Z_NL_Training.NL_Spielwiese\WIFI.Sisharp.Z_NL_Training.DateTimeTry.csproj", "{369EB313-3DFE-40F9-BE41-128183A1ECB6}"
EndProject
Project("{FAE04EC0-301F-11D3-BF4B-00C04F79EFBC}") = "WIFI.Sisharp.Z_NL_Training.OverrideVsNew", "WIFI.Sisharp.Z_NL_Training.OverrideVsNew\WIFI.Sisharp.Z_NL_Training.OverrideVsNew.csproj", "{A63CC063-F589-4901-8B3C-28EED2E9B6BB}"
EndProject
Project("{FAE04EC0-301F-11D3-BF4B-00C04F79EFBC}") = "WIFI.Sisharp.Z_NL_Training.ReflectionTry", "WIFI.Sisharp.Z_NL_Training.ReflectionTry\WIFI.Sisharp.Z_NL_Training.ReflectionTry.csproj", "{B7E8475A-7AE7-47EA-BB9A-6DEDE9C9E31E}"
EndProject
Project("{FAE04EC0-301F-11D3-BF4B-00C04F79EFBC}") = "WIFI.Sisharp.Z_NL_Training.Schleifen", "WIFI.Sisharp.Z_NL_Training.Schleifen\WIFI.Sisharp.Z_NL_Training.Schleifen.csproj", "{700EE474-83A3-41C6-8163-11ABFD517A1E}"
EndProject
Project("{FAE04EC0-301F-11D3-BF4B-00C04F79EFBC}") = "WIFI.Sisharp.Z_NL_Training.WCF", "WIFI.Sisharp.Z_NL_Training.WCF\WIFI.Sisharp.Z_NL_Training.WCF.csproj", "{78072A0A-3A0F-471A-87A1-3A25E7BF0A17}"
EndProject
Project("{FAE04EC0-301F-11D3-BF4B-00C04F79EFBC}") = "wifi.sisharp.z_nl_training.wcfdienst", "wifi.sisharp.z_nl_training.wcfdienst\wifi.sisharp.z_nl_training.wcfdienst.csproj", "{739AF55A-290E-4EBD-878E-520C2A1A3EF9}"
EndProject
Project("{FAE04EC0-301F-11D3-BF4B-00C04F79EFBC}") = "WIFI.Sisharp.Z_NL_Training.WPF", "WIFI.Sisharp.Z_NL_Training.WPF\WIFI.Sisharp.Z_NL_Training.WPF.csproj", "{4A2C2E2B-3813-427E-AFDD-2E6B5F48F682}"
EndProject
Project("{FAE04EC0-301F-11D3-BF4B-00C04F79EFBC}") = "WIFI.Sisharp.Z_NL_Training.Zeichenfolgeninterp", "WIFI.Sisharp.Z_NL_Training.Zeichenfolgeninterp\WIFI.Sisharp.Z_NL_Training.Zeichenfolgeninterp.csproj", "{B8CF3323-D069-4399-B762-F8B7FA716F7E}"
EndProject
Project("{FAE04EC0-301F-11D3-BF4B-00C04F79EFBC}") = "WIFI.Sisharp.Z_NL_Training.Zusatzinformation", "WIFI.Sisharp.Z_NL_Training.Zusatzinformation\WIFI.Sisharp.Z_NL_Training.Zusatzinformation.csproj", "{DFC6A03C-7FC7-49E3-B776-7436142BB79E}"
EndProject
Global
	GlobalSection(SolutionConfigurationPlatforms) = preSolution
		Debug|Any CPU = Debug|Any CPU
		Debug|x86 = Debug|x86
		Release|Any CPU = Release|Any CPU
		Release|x86 = Release|x86
	EndGlobalSection
	GlobalSection(ProjectConfigurationPlatforms) = postSolution
		{97359568-65DE-486C-AF99-E0417DC99B95}.Debug|Any CPU.ActiveCfg = Debug|Any CPU
		{97359568-65DE-486C-AF99-E0417DC99B95}.Debug|Any CPU.Build.0 = Debug|Any CPU
		{97359568-65DE-486C-AF99-E0417DC99B95}.Debug|x86.ActiveCfg = Debug|Any CPU
		{97359568-65DE-486C-AF99-E0417DC99B95}.Debug|x86.Build.0 = Debug|Any CPU
		{97359568-65DE-486C-AF99-E0417DC99B95}.Release|Any CPU.ActiveCfg = Release|Any CPU
		{97359568-65DE-486C-AF99-E0417DC99B95}.Release|Any CPU.Build.0 = Release|Any CPU
		{97359568-65DE-486C-AF99-E0417DC99B95}.Release|x86.ActiveCfg = Release|Any CPU
		{97359568-65DE-486C-AF99-E0417DC99B95}.Release|x86.Build.0 = Release|Any CPU
		{F3E2EADF-088D-42F1-A89B-6613ECDDC81E}.Debug|Any CPU.ActiveCfg = Debug|Any CPU
		{F3E2EADF-088D-42F1-A89B-6613ECDDC81E}.Debug|Any CPU.Build.0 = Debug|Any CPU
		{F3E2EADF-088D-42F1-A89B-6613ECDDC81E}.Debug|x86.ActiveCfg = Debug|Any CPU
		{F3E2EADF-088D-42F1-A89B-6613ECDDC81E}.Debug|x86.Build.0 = Debug|Any CPU
		{F3E2EADF-088D-42F1-A89B-6613ECDDC81E}.Release|Any CPU.ActiveCfg = Release|Any CPU
		{F3E2EADF-088D-42F1-A89B-6613ECDDC81E}.Release|Any CPU.Build.0 = Release|Any CPU
		{F3E2EADF-088D-42F1-A89B-6613ECDDC81E}.Release|x86.ActiveCfg = Release|Any CPU
		{F3E2EADF-088D-42F1-A89B-6613ECDDC81E}.Release|x86.Build.0 = Release|Any CPU
		{D77BD9E0-4748-47CF-A0BD-D825F31BA8AC}.Debug|Any CPU.ActiveCfg = Debug|Any CPU
		{D77BD9E0-4748-47CF-A0BD-D825F31BA8AC}.Debug|Any CPU.Build.0 = Debug|Any CPU
		{D77BD9E0-4748-47CF-A0BD-D825F31BA8AC}.Debug|x86.ActiveCfg = Debug|Any CPU
		{D77BD9E0-4748-47CF-A0BD-D825F31BA8AC}.Debug|x86.Build.0 = Debug|Any CPU
		{D77BD9E0-4748-47CF-A0BD-D825F31BA8AC}.Release|Any CPU.ActiveCfg = Release|Any CPU
		{D77BD9E0-4748-47CF-A0BD-D825F31BA8AC}.Release|Any CPU.Build.0 = Release|Any CPU
		{D77BD9E0-4748-47CF-A0BD-D825F31BA8AC}.Release|x86.ActiveCfg = Release|Any CPU
		{D77BD9E0-4748-47CF-A0BD-D825F31BA8AC}.Release|x86.Build.0 = Release|Any CPU
		{87774A37-A913-42BC-B8B3-CB221CD1DD03}.Debug|Any CPU.ActiveCfg = Debug|Any CPU
		{87774A37-A913-42BC-B8B3-CB221CD1DD03}.Debug|Any CPU.Build.0 = Debug|Any CPU
		{87774A37-A913-42BC-B8B3-CB221CD1DD03}.Debug|x86.ActiveCfg = Debug|Any CPU
		{87774A37-A913-42BC-B8B3-CB221CD1DD03}.Debug|x86.Build.0 = Debug|Any CPU
		{87774A37-A913-42BC-B8B3-CB221CD1DD03}.Release|Any CPU.ActiveCfg = Release|Any CPU
		{87774A37-A913-42BC-B8B3-CB221CD1DD03}.Release|Any CPU.Build.0 = Release|Any CPU
		{87774A37-A913-42BC-B8B3-CB221CD1DD03}.Release|x86.ActiveCfg = Release|Any CPU
		{87774A37-A913-42BC-B8B3-CB221CD1DD03}.Release|x86.Build.0 = Release|Any CPU
		{77DDBA73-7C93-426F-B335-8EA869490DEF}.Debug|Any CPU.ActiveCfg = Debug|Any CPU
		{77DDBA73-7C93-426F-B335-8EA869490DEF}.Debug|Any CPU.Build.0 = Debug|Any CPU
		{77DDBA73-7C93-426F-B335-8EA869490DEF}.Debug|x86.ActiveCfg = Debug|Any CPU
		{77DDBA73-7C93-426F-B335-8EA869490DEF}.Debug|x86.Build.0 = Debug|Any CPU
		{77DDBA73-7C93-426F-B335-8EA869490DEF}.Release|Any CPU.ActiveCfg = Release|Any CPU
		{77DDBA73-7C93-426F-B335-8EA869490DEF}.Release|Any CPU.Build.0 = Release|Any CPU
		{77DDBA73-7C93-426F-B335-8EA869490DEF}.Release|x86.ActiveCfg = Release|Any CPU
		{77DDBA73-7C93-426F-B335-8EA869490DEF}.Release|x86.Build.0 = Release|Any CPU
		{F5636DF8-C108-4E60-B616-C67A85047C8B}.Debug|Any CPU.ActiveCfg = Debug|Any CPU
		{F5636DF8-C108-4E60-B616-C67A85047C8B}.Debug|Any CPU.Build.0 = Debug|Any CPU
		{F5636DF8-C108-4E60-B616-C67A85047C8B}.Debug|x86.ActiveCfg = Debug|Any CPU
		{F5636DF8-C108-4E60-B616-C67A85047C8B}.Debug|x86.Build.0 = Debug|Any CPU
		{F5636DF8-C108-4E60-B616-C67A85047C8B}.Release|Any CPU.ActiveCfg = Release|Any CPU
		{F5636DF8-C108-4E60-B616-C67A85047C8B}.Release|Any CPU.Build.0 = Release|Any CPU
		{F5636DF8-C108-4E60-B616-C67A85047C8B}.Release|x86.ActiveCfg = Release|Any CPU
		{F5636DF8-C108-4E60-B616-C67A85047C8B}.Release|x86.Build.0 = Release|Any CPU
		{DD8DBF55-6BDC-4575-8123-CA49F1154728}.Debug|Any CPU.ActiveCfg = Debug|Any CPU
		{DD8DBF55-6BDC-4575-8123-CA49F1154728}.Debug|Any CPU.Build.0 = Debug|Any CPU
		{DD8DBF55-6BDC-4575-8123-CA49F1154728}.Debug|x86.ActiveCfg = Debug|Any CPU
		{DD8DBF55-6BDC-4575-8123-CA49F1154728}.Debug|x86.Build.0 = Debug|Any CPU
		{DD8DBF55-6BDC-4575-8123-CA49F1154728}.Release|Any CPU.ActiveCfg = Release|Any CPU
		{DD8DBF55-6BDC-4575-8123-CA49F1154728}.Release|Any CPU.Build.0 = Release|Any CPU
		{DD8DBF55-6BDC-4575-8123-CA49F1154728}.Release|x86.ActiveCfg = Release|Any CPU
		{DD8DBF55-6BDC-4575-8123-CA49F1154728}.Release|x86.Build.0 = Release|Any CPU
		{DEC727CB-892D-4851-ABD8-AE76C429EA0F}.Debug|Any CPU.ActiveCfg = Debug|Any CPU
		{DEC727CB-892D-4851-ABD8-AE76C429EA0F}.Debug|Any CPU.Build.0 = Debug|Any CPU
		{DEC727CB-892D-4851-ABD8-AE76C429EA0F}.Debug|x86.ActiveCfg = Debug|Any CPU
		{DEC727CB-892D-4851-ABD8-AE76C429EA0F}.Debug|x86.Build.0 = Debug|Any CPU
		{DEC727CB-892D-4851-ABD8-AE76C429EA0F}.Release|Any CPU.ActiveCfg = Release|Any CPU
		{DEC727CB-892D-4851-ABD8-AE76C429EA0F}.Release|Any CPU.Build.0 = Release|Any CPU
		{DEC727CB-892D-4851-ABD8-AE76C429EA0F}.Release|x86.ActiveCfg = Release|Any CPU
		{DEC727CB-892D-4851-ABD8-AE76C429EA0F}.Release|x86.Build.0 = Release|Any CPU
		{63FE7574-F395-4BEE-A81A-3376CD1E7E0D}.Debug|Any CPU.ActiveCfg = Debug|Any CPU
		{63FE7574-F395-4BEE-A81A-3376CD1E7E0D}.Debug|Any CPU.Build.0 = Debug|Any CPU
		{63FE7574-F395-4BEE-A81A-3376CD1E7E0D}.Debug|x86.ActiveCfg = Debug|Any CPU
		{63FE7574-F395-4BEE-A81A-3376CD1E7E0D}.Debug|x86.Build.0 = Debug|Any CPU
		{63FE7574-F395-4BEE-A81A-3376CD1E7E0D}.Release|Any CPU.ActiveCfg = Release|Any CPU
		{63FE7574-F395-4BEE-A81A-3376CD1E7E0D}.Release|Any CPU.Build.0 = Release|Any CPU
		{63FE7574-F395-4BEE-A81A-3376CD1E7E0D}.Release|x86.ActiveCfg = Release|Any CPU
		{63FE7574-F395-4BEE-A81A-3376CD1E7E0D}.Release|x86.Build.0 = Release|Any CPU
		{BB8A8434-1FCF-4C97-AF94-C187D0D16398}.Debug|Any CPU.ActiveCfg = Debug|Any CPU
		{BB8A8434-1FCF-4C97-AF94-C187D0D16398}.Debug|Any CPU.Build.0 = Debug|Any CPU
		{BB8A8434-1FCF-4C97-AF94-C187D0D16398}.Debug|x86.ActiveCfg = Debug|Any CPU
		{BB8A8434-1FCF-4C97-AF94-C187D0D16398}.Debug|x86.Build.0 = Debug|Any CPU
		{BB8A8434-1FCF-4C97-AF94-C187D0D16398}.Release|Any CPU.ActiveCfg = Release|Any CPU
		{BB8A8434-1FCF-4C97-AF94-C187D0D16398}.Release|Any CPU.Build.0 = Release|Any CPU
		{BB8A8434-1FCF-4C97-AF94-C187D0D16398}.Release|x86.ActiveCfg = Release|Any CPU
		{BB8A8434-1FCF-4C97-AF94-C187D0D16398}.Release|x86.Build.0 = Release|Any CPU
		{421ED9BF-FF1A-4B2A-9C18-B7CFDDB6E604}.Debug|Any CPU.ActiveCfg = Debug|Any CPU
		{421ED9BF-FF1A-4B2A-9C18-B7CFDDB6E604}.Debug|Any CPU.Build.0 = Debug|Any CPU
		{421ED9BF-FF1A-4B2A-9C18-B7CFDDB6E604}.Debug|x86.ActiveCfg = Debug|Any CPU
		{421ED9BF-FF1A-4B2A-9C18-B7CFDDB6E604}.Debug|x86.Build.0 = Debug|Any CPU
		{421ED9BF-FF1A-4B2A-9C18-B7CFDDB6E604}.Release|Any CPU.ActiveCfg = Release|Any CPU
		{421ED9BF-FF1A-4B2A-9C18-B7CFDDB6E604}.Release|Any CPU.Build.0 = Release|Any CPU
		{421ED9BF-FF1A-4B2A-9C18-B7CFDDB6E604}.Release|x86.ActiveCfg = Release|Any CPU
		{421ED9BF-FF1A-4B2A-9C18-B7CFDDB6E604}.Release|x86.Build.0 = Release|Any CPU
		{6C04165A-DB2A-46F7-962B-BBD13F8D1636}.Debug|Any CPU.ActiveCfg = Debug|Any CPU
		{6C04165A-DB2A-46F7-962B-BBD13F8D1636}.Debug|Any CPU.Build.0 = Debug|Any CPU
		{6C04165A-DB2A-46F7-962B-BBD13F8D1636}.Debug|x86.ActiveCfg = Debug|Any CPU
		{6C04165A-DB2A-46F7-962B-BBD13F8D1636}.Debug|x86.Build.0 = Debug|Any CPU
		{6C04165A-DB2A-46F7-962B-BBD13F8D1636}.Release|Any CPU.ActiveCfg = Release|Any CPU
		{6C04165A-DB2A-46F7-962B-BBD13F8D1636}.Release|Any CPU.Build.0 = Release|Any CPU
		{6C04165A-DB2A-46F7-962B-BBD13F8D1636}.Release|x86.ActiveCfg = Release|Any CPU
		{6C04165A-DB2A-46F7-962B-BBD13F8D1636}.Release|x86.Build.0 = Release|Any CPU
		{D15C570A-2534-42ED-B362-22227EACB7FB}.Debug|Any CPU.ActiveCfg = Debug|Any CPU
		{D15C570A-2534-42ED-B362-22227EACB7FB}.Debug|Any CPU.Build.0 = Debug|Any CPU
		{D15C570A-2534-42ED-B362-22227EACB7FB}.Debug|x86.ActiveCfg = Debug|Any CPU
		{D15C570A-2534-42ED-B362-22227EACB7FB}.Debug|x86.Build.0 = Debug|Any CPU
		{D15C570A-2534-42ED-B362-22227EACB7FB}.Release|Any CPU.ActiveCfg = Release|Any CPU
		{D15C570A-2534-42ED-B362-22227EACB7FB}.Release|Any CPU.Build.0 = Release|Any CPU
		{D15C570A-2534-42ED-B362-22227EACB7FB}.Release|x86.ActiveCfg = Release|Any CPU
		{D15C570A-2534-42ED-B362-22227EACB7FB}.Release|x86.Build.0 = Release|Any CPU
		{B9C87657-97E0-4BC7-835E-ABE4AFCA8A9A}.Debug|Any CPU.ActiveCfg = Debug|Any CPU
		{B9C87657-97E0-4BC7-835E-ABE4AFCA8A9A}.Debug|Any CPU.Build.0 = Debug|Any CPU
		{B9C87657-97E0-4BC7-835E-ABE4AFCA8A9A}.Debug|x86.ActiveCfg = Debug|Any CPU
		{B9C87657-97E0-4BC7-835E-ABE4AFCA8A9A}.Debug|x86.Build.0 = Debug|Any CPU
		{B9C87657-97E0-4BC7-835E-ABE4AFCA8A9A}.Release|Any CPU.ActiveCfg = Release|Any CPU
		{B9C87657-97E0-4BC7-835E-ABE4AFCA8A9A}.Release|Any CPU.Build.0 = Release|Any CPU
		{B9C87657-97E0-4BC7-835E-ABE4AFCA8A9A}.Release|x86.ActiveCfg = Release|Any CPU
		{B9C87657-97E0-4BC7-835E-ABE4AFCA8A9A}.Release|x86.Build.0 = Release|Any CPU
		{13D6BA8A-1932-4DDB-91A7-A3511AD1723C}.Debug|Any CPU.ActiveCfg = Debug|Any CPU
		{13D6BA8A-1932-4DDB-91A7-A3511AD1723C}.Debug|Any CPU.Build.0 = Debug|Any CPU
		{13D6BA8A-1932-4DDB-91A7-A3511AD1723C}.Debug|x86.ActiveCfg = Debug|Any CPU
		{13D6BA8A-1932-4DDB-91A7-A3511AD1723C}.Debug|x86.Build.0 = Debug|Any CPU
		{13D6BA8A-1932-4DDB-91A7-A3511AD1723C}.Release|Any CPU.ActiveCfg = Release|Any CPU
		{13D6BA8A-1932-4DDB-91A7-A3511AD1723C}.Release|Any CPU.Build.0 = Release|Any CPU
		{13D6BA8A-1932-4DDB-91A7-A3511AD1723C}.Release|x86.ActiveCfg = Release|Any CPU
		{13D6BA8A-1932-4DDB-91A7-A3511AD1723C}.Release|x86.Build.0 = Release|Any CPU
		{93F885AF-7FDF-41F3-87FB-B0FC9E25E60A}.Debug|Any CPU.ActiveCfg = Debug|Any CPU
		{93F885AF-7FDF-41F3-87FB-B0FC9E25E60A}.Debug|Any CPU.Build.0 = Debug|Any CPU
		{93F885AF-7FDF-41F3-87FB-B0FC9E25E60A}.Debug|x86.ActiveCfg = Debug|Any CPU
		{93F885AF-7FDF-41F3-87FB-B0FC9E25E60A}.Debug|x86.Build.0 = Debug|Any CPU
		{93F885AF-7FDF-41F3-87FB-B0FC9E25E60A}.Release|Any CPU.ActiveCfg = Release|Any CPU
		{93F885AF-7FDF-41F3-87FB-B0FC9E25E60A}.Release|Any CPU.Build.0 = Release|Any CPU
		{93F885AF-7FDF-41F3-87FB-B0FC9E25E60A}.Release|x86.ActiveCfg = Release|Any CPU
		{93F885AF-7FDF-41F3-87FB-B0FC9E25E60A}.Release|x86.Build.0 = Release|Any CPU
		{3371C341-0881-41C9-B520-01B96F186CCF}.Debug|Any CPU.ActiveCfg = Debug|x86
		{3371C341-0881-41C9-B520-01B96F186CCF}.Debug|x86.ActiveCfg = Debug|x86
		{3371C341-0881-41C9-B520-01B96F186CCF}.Debug|x86.Build.0 = Debug|x86
		{3371C341-0881-41C9-B520-01B96F186CCF}.Release|Any CPU.ActiveCfg = Release|x86
		{3371C341-0881-41C9-B520-01B96F186CCF}.Release|x86.ActiveCfg = Release|x86
		{3371C341-0881-41C9-B520-01B96F186CCF}.Release|x86.Build.0 = Release|x86
		{AB184498-140F-44C8-9B10-4818413229F7}.Debug|Any CPU.ActiveCfg = Debug|Any CPU
		{AB184498-140F-44C8-9B10-4818413229F7}.Debug|Any CPU.Build.0 = Debug|Any CPU
		{AB184498-140F-44C8-9B10-4818413229F7}.Debug|x86.ActiveCfg = Debug|Any CPU
		{AB184498-140F-44C8-9B10-4818413229F7}.Debug|x86.Build.0 = Debug|Any CPU
		{AB184498-140F-44C8-9B10-4818413229F7}.Release|Any CPU.ActiveCfg = Release|Any CPU
		{AB184498-140F-44C8-9B10-4818413229F7}.Release|Any CPU.Build.0 = Release|Any CPU
		{AB184498-140F-44C8-9B10-4818413229F7}.Release|x86.ActiveCfg = Release|Any CPU
		{AB184498-140F-44C8-9B10-4818413229F7}.Release|x86.Build.0 = Release|Any CPU
		{F8E6B96C-A55E-4ED9-AD3C-DD8704DE21C1}.Debug|Any CPU.ActiveCfg = Debug|Any CPU
		{F8E6B96C-A55E-4ED9-AD3C-DD8704DE21C1}.Debug|Any CPU.Build.0 = Debug|Any CPU
		{F8E6B96C-A55E-4ED9-AD3C-DD8704DE21C1}.Debug|x86.ActiveCfg = Debug|Any CPU
		{F8E6B96C-A55E-4ED9-AD3C-DD8704DE21C1}.Debug|x86.Build.0 = Debug|Any CPU
		{F8E6B96C-A55E-4ED9-AD3C-DD8704DE21C1}.Release|Any CPU.ActiveCfg = Release|Any CPU
		{F8E6B96C-A55E-4ED9-AD3C-DD8704DE21C1}.Release|Any CPU.Build.0 = Release|Any CPU
		{F8E6B96C-A55E-4ED9-AD3C-DD8704DE21C1}.Release|x86.ActiveCfg = Release|Any CPU
		{F8E6B96C-A55E-4ED9-AD3C-DD8704DE21C1}.Release|x86.Build.0 = Release|Any CPU
		{0BC2A5B9-6B3E-4CF1-9661-DEF3D858A82D}.Debug|Any CPU.ActiveCfg = Debug|Any CPU
		{0BC2A5B9-6B3E-4CF1-9661-DEF3D858A82D}.Debug|Any CPU.Build.0 = Debug|Any CPU
		{0BC2A5B9-6B3E-4CF1-9661-DEF3D858A82D}.Debug|x86.ActiveCfg = Debug|Any CPU
		{0BC2A5B9-6B3E-4CF1-9661-DEF3D858A82D}.Debug|x86.Build.0 = Debug|Any CPU
		{0BC2A5B9-6B3E-4CF1-9661-DEF3D858A82D}.Release|Any CPU.ActiveCfg = Release|Any CPU
		{0BC2A5B9-6B3E-4CF1-9661-DEF3D858A82D}.Release|Any CPU.Build.0 = Release|Any CPU
		{0BC2A5B9-6B3E-4CF1-9661-DEF3D858A82D}.Release|x86.ActiveCfg = Release|Any CPU
		{0BC2A5B9-6B3E-4CF1-9661-DEF3D858A82D}.Release|x86.Build.0 = Release|Any CPU
		{D71C1D74-AF31-46BE-A2F3-6AE8813BAA72}.Debug|Any CPU.ActiveCfg = Debug|Any CPU
		{D71C1D74-AF31-46BE-A2F3-6AE8813BAA72}.Debug|Any CPU.Build.0 = Debug|Any CPU
		{D71C1D74-AF31-46BE-A2F3-6AE8813BAA72}.Debug|x86.ActiveCfg = Debug|Any CPU
		{D71C1D74-AF31-46BE-A2F3-6AE8813BAA72}.Debug|x86.Build.0 = Debug|Any CPU
		{D71C1D74-AF31-46BE-A2F3-6AE8813BAA72}.Release|Any CPU.ActiveCfg = Release|Any CPU
		{D71C1D74-AF31-46BE-A2F3-6AE8813BAA72}.Release|Any CPU.Build.0 = Release|Any CPU
		{D71C1D74-AF31-46BE-A2F3-6AE8813BAA72}.Release|x86.ActiveCfg = Release|Any CPU
		{D71C1D74-AF31-46BE-A2F3-6AE8813BAA72}.Release|x86.Build.0 = Release|Any CPU
		{20E3C178-BCA9-42DE-BDA5-AFB7CC622F29}.Debug|Any CPU.ActiveCfg = Debug|Any CPU
		{20E3C178-BCA9-42DE-BDA5-AFB7CC622F29}.Debug|Any CPU.Build.0 = Debug|Any CPU
		{20E3C178-BCA9-42DE-BDA5-AFB7CC622F29}.Debug|x86.ActiveCfg = Debug|Any CPU
		{20E3C178-BCA9-42DE-BDA5-AFB7CC622F29}.Debug|x86.Build.0 = Debug|Any CPU
		{20E3C178-BCA9-42DE-BDA5-AFB7CC622F29}.Release|Any CPU.ActiveCfg = Release|Any CPU
		{20E3C178-BCA9-42DE-BDA5-AFB7CC622F29}.Release|Any CPU.Build.0 = Release|Any CPU
		{20E3C178-BCA9-42DE-BDA5-AFB7CC622F29}.Release|x86.ActiveCfg = Release|Any CPU
		{20E3C178-BCA9-42DE-BDA5-AFB7CC622F29}.Release|x86.Build.0 = Release|Any CPU
		{8DFBE002-C534-4AC2-AA00-4D86FB786579}.Debug|Any CPU.ActiveCfg = Debug|Any CPU
		{8DFBE002-C534-4AC2-AA00-4D86FB786579}.Debug|Any CPU.Build.0 = Debug|Any CPU
		{8DFBE002-C534-4AC2-AA00-4D86FB786579}.Debug|x86.ActiveCfg = Debug|Any CPU
		{8DFBE002-C534-4AC2-AA00-4D86FB786579}.Debug|x86.Build.0 = Debug|Any CPU
		{8DFBE002-C534-4AC2-AA00-4D86FB786579}.Release|Any CPU.ActiveCfg = Release|Any CPU
		{8DFBE002-C534-4AC2-AA00-4D86FB786579}.Release|Any CPU.Build.0 = Release|Any CPU
		{8DFBE002-C534-4AC2-AA00-4D86FB786579}.Release|x86.ActiveCfg = Release|Any CPU
		{8DFBE002-C534-4AC2-AA00-4D86FB786579}.Release|x86.Build.0 = Release|Any CPU
		{592F41EE-18E9-4DA8-BEE5-A5A52B2613D9}.Debug|Any CPU.ActiveCfg = Debug|Any CPU
		{592F41EE-18E9-4DA8-BEE5-A5A52B2613D9}.Debug|Any CPU.Build.0 = Debug|Any CPU
		{592F41EE-18E9-4DA8-BEE5-A5A52B2613D9}.Debug|x86.ActiveCfg = Debug|Any CPU
		{592F41EE-18E9-4DA8-BEE5-A5A52B2613D9}.Debug|x86.Build.0 = Debug|Any CPU
		{592F41EE-18E9-4DA8-BEE5-A5A52B2613D9}.Release|Any CPU.ActiveCfg = Release|Any CPU
		{592F41EE-18E9-4DA8-BEE5-A5A52B2613D9}.Release|Any CPU.Build.0 = Release|Any CPU
		{592F41EE-18E9-4DA8-BEE5-A5A52B2613D9}.Release|x86.ActiveCfg = Release|Any CPU
		{592F41EE-18E9-4DA8-BEE5-A5A52B2613D9}.Release|x86.Build.0 = Release|Any CPU
		{2A9BB45F-84B3-4D3E-A5EE-9755C805F628}.Debug|Any CPU.ActiveCfg = Debug|Any CPU
		{2A9BB45F-84B3-4D3E-A5EE-9755C805F628}.Debug|Any CPU.Build.0 = Debug|Any CPU
		{2A9BB45F-84B3-4D3E-A5EE-9755C805F628}.Debug|x86.ActiveCfg = Debug|Any CPU
		{2A9BB45F-84B3-4D3E-A5EE-9755C805F628}.Debug|x86.Build.0 = Debug|Any CPU
		{2A9BB45F-84B3-4D3E-A5EE-9755C805F628}.Release|Any CPU.ActiveCfg = Release|Any CPU
		{2A9BB45F-84B3-4D3E-A5EE-9755C805F628}.Release|Any CPU.Build.0 = Release|Any CPU
		{2A9BB45F-84B3-4D3E-A5EE-9755C805F628}.Release|x86.ActiveCfg = Release|Any CPU
		{2A9BB45F-84B3-4D3E-A5EE-9755C805F628}.Release|x86.Build.0 = Release|Any CPU
		{05245192-E07B-40B9-ADE6-B6410024C4D1}.Debug|Any CPU.ActiveCfg = Debug|Any CPU
		{05245192-E07B-40B9-ADE6-B6410024C4D1}.Debug|Any CPU.Build.0 = Debug|Any CPU
		{05245192-E07B-40B9-ADE6-B6410024C4D1}.Debug|x86.ActiveCfg = Debug|Any CPU
		{05245192-E07B-40B9-ADE6-B6410024C4D1}.Debug|x86.Build.0 = Debug|Any CPU
		{05245192-E07B-40B9-ADE6-B6410024C4D1}.Release|Any CPU.ActiveCfg = Release|Any CPU
		{05245192-E07B-40B9-ADE6-B6410024C4D1}.Release|Any CPU.Build.0 = Release|Any CPU
		{05245192-E07B-40B9-ADE6-B6410024C4D1}.Release|x86.ActiveCfg = Release|Any CPU
		{05245192-E07B-40B9-ADE6-B6410024C4D1}.Release|x86.Build.0 = Release|Any CPU
		{B069A236-4056-49FD-B049-946F32A9E846}.Debug|Any CPU.ActiveCfg = Debug|Any CPU
		{B069A236-4056-49FD-B049-946F32A9E846}.Debug|Any CPU.Build.0 = Debug|Any CPU
		{B069A236-4056-49FD-B049-946F32A9E846}.Debug|x86.ActiveCfg = Debug|Any CPU
		{B069A236-4056-49FD-B049-946F32A9E846}.Debug|x86.Build.0 = Debug|Any CPU
		{B069A236-4056-49FD-B049-946F32A9E846}.Release|Any CPU.ActiveCfg = Release|Any CPU
		{B069A236-4056-49FD-B049-946F32A9E846}.Release|Any CPU.Build.0 = Release|Any CPU
		{B069A236-4056-49FD-B049-946F32A9E846}.Release|x86.ActiveCfg = Release|Any CPU
		{B069A236-4056-49FD-B049-946F32A9E846}.Release|x86.Build.0 = Release|Any CPU
		{9F725834-185B-427C-B45C-CCE21DAFF45A}.Debug|Any CPU.ActiveCfg = Debug|Any CPU
		{9F725834-185B-427C-B45C-CCE21DAFF45A}.Debug|Any CPU.Build.0 = Debug|Any CPU
		{9F725834-185B-427C-B45C-CCE21DAFF45A}.Debug|x86.ActiveCfg = Debug|Any CPU
		{9F725834-185B-427C-B45C-CCE21DAFF45A}.Debug|x86.Build.0 = Debug|Any CPU
		{9F725834-185B-427C-B45C-CCE21DAFF45A}.Release|Any CPU.ActiveCfg = Release|Any CPU
		{9F725834-185B-427C-B45C-CCE21DAFF45A}.Release|Any CPU.Build.0 = Release|Any CPU
		{9F725834-185B-427C-B45C-CCE21DAFF45A}.Release|x86.ActiveCfg = Release|Any CPU
		{9F725834-185B-427C-B45C-CCE21DAFF45A}.Release|x86.Build.0 = Release|Any CPU
		{2A8C3116-79A3-4E59-9DE4-C519F5EB28F1}.Debug|Any CPU.ActiveCfg = Debug|Any CPU
		{2A8C3116-79A3-4E59-9DE4-C519F5EB28F1}.Debug|Any CPU.Build.0 = Debug|Any CPU
		{2A8C3116-79A3-4E59-9DE4-C519F5EB28F1}.Debug|x86.ActiveCfg = Debug|Any CPU
		{2A8C3116-79A3-4E59-9DE4-C519F5EB28F1}.Debug|x86.Build.0 = Debug|Any CPU
		{2A8C3116-79A3-4E59-9DE4-C519F5EB28F1}.Release|Any CPU.ActiveCfg = Release|Any CPU
		{2A8C3116-79A3-4E59-9DE4-C519F5EB28F1}.Release|Any CPU.Build.0 = Release|Any CPU
		{2A8C3116-79A3-4E59-9DE4-C519F5EB28F1}.Release|x86.ActiveCfg = Release|Any CPU
		{2A8C3116-79A3-4E59-9DE4-C519F5EB28F1}.Release|x86.Build.0 = Release|Any CPU
		{9BEA3A9E-726C-4C8D-9EE2-A11DD0A75AAA}.Debug|Any CPU.ActiveCfg = Debug|Any CPU
		{9BEA3A9E-726C-4C8D-9EE2-A11DD0A75AAA}.Debug|Any CPU.Build.0 = Debug|Any CPU
		{9BEA3A9E-726C-4C8D-9EE2-A11DD0A75AAA}.Debug|x86.ActiveCfg = Debug|Any CPU
		{9BEA3A9E-726C-4C8D-9EE2-A11DD0A75AAA}.Debug|x86.Build.0 = Debug|Any CPU
		{9BEA3A9E-726C-4C8D-9EE2-A11DD0A75AAA}.Release|Any CPU.ActiveCfg = Release|Any CPU
		{9BEA3A9E-726C-4C8D-9EE2-A11DD0A75AAA}.Release|Any CPU.Build.0 = Release|Any CPU
		{9BEA3A9E-726C-4C8D-9EE2-A11DD0A75AAA}.Release|x86.ActiveCfg = Release|Any CPU
		{9BEA3A9E-726C-4C8D-9EE2-A11DD0A75AAA}.Release|x86.Build.0 = Release|Any CPU
		{24A03BCD-E8A5-4CCE-A2C7-572C86798DBE}.Debug|Any CPU.ActiveCfg = Debug|Any CPU
		{24A03BCD-E8A5-4CCE-A2C7-572C86798DBE}.Debug|Any CPU.Build.0 = Debug|Any CPU
		{24A03BCD-E8A5-4CCE-A2C7-572C86798DBE}.Debug|x86.ActiveCfg = Debug|Any CPU
		{24A03BCD-E8A5-4CCE-A2C7-572C86798DBE}.Debug|x86.Build.0 = Debug|Any CPU
		{24A03BCD-E8A5-4CCE-A2C7-572C86798DBE}.Release|Any CPU.ActiveCfg = Release|Any CPU
		{24A03BCD-E8A5-4CCE-A2C7-572C86798DBE}.Release|Any CPU.Build.0 = Release|Any CPU
		{24A03BCD-E8A5-4CCE-A2C7-572C86798DBE}.Release|x86.ActiveCfg = Release|Any CPU
		{24A03BCD-E8A5-4CCE-A2C7-572C86798DBE}.Release|x86.Build.0 = Release|Any CPU
		{3AB78A8A-D1F0-4487-9C8C-06A3E935840A}.Debug|Any CPU.ActiveCfg = Debug|Any CPU
		{3AB78A8A-D1F0-4487-9C8C-06A3E935840A}.Debug|Any CPU.Build.0 = Debug|Any CPU
		{3AB78A8A-D1F0-4487-9C8C-06A3E935840A}.Debug|x86.ActiveCfg = Debug|Any CPU
		{3AB78A8A-D1F0-4487-9C8C-06A3E935840A}.Debug|x86.Build.0 = Debug|Any CPU
		{3AB78A8A-D1F0-4487-9C8C-06A3E935840A}.Release|Any CPU.ActiveCfg = Release|Any CPU
		{3AB78A8A-D1F0-4487-9C8C-06A3E935840A}.Release|Any CPU.Build.0 = Release|Any CPU
		{3AB78A8A-D1F0-4487-9C8C-06A3E935840A}.Release|x86.ActiveCfg = Release|Any CPU
		{3AB78A8A-D1F0-4487-9C8C-06A3E935840A}.Release|x86.Build.0 = Release|Any CPU
		{CE6BA727-BFE6-4ACE-874F-DD3F689BF0CF}.Debug|Any CPU.ActiveCfg = Debug|Any CPU
		{CE6BA727-BFE6-4ACE-874F-DD3F689BF0CF}.Debug|Any CPU.Build.0 = Debug|Any CPU
		{CE6BA727-BFE6-4ACE-874F-DD3F689BF0CF}.Debug|x86.ActiveCfg = Debug|Any CPU
		{CE6BA727-BFE6-4ACE-874F-DD3F689BF0CF}.Debug|x86.Build.0 = Debug|Any CPU
		{CE6BA727-BFE6-4ACE-874F-DD3F689BF0CF}.Release|Any CPU.ActiveCfg = Release|Any CPU
		{CE6BA727-BFE6-4ACE-874F-DD3F689BF0CF}.Release|Any CPU.Build.0 = Release|Any CPU
		{CE6BA727-BFE6-4ACE-874F-DD3F689BF0CF}.Release|x86.ActiveCfg = Release|Any CPU
		{CE6BA727-BFE6-4ACE-874F-DD3F689BF0CF}.Release|x86.Build.0 = Release|Any CPU
		{EE653A35-F96D-4998-A4BB-3F8801C92937}.Debug|Any CPU.ActiveCfg = Debug|Any CPU
		{EE653A35-F96D-4998-A4BB-3F8801C92937}.Debug|Any CPU.Build.0 = Debug|Any CPU
		{EE653A35-F96D-4998-A4BB-3F8801C92937}.Debug|x86.ActiveCfg = Debug|Any CPU
		{EE653A35-F96D-4998-A4BB-3F8801C92937}.Debug|x86.Build.0 = Debug|Any CPU
		{EE653A35-F96D-4998-A4BB-3F8801C92937}.Release|Any CPU.ActiveCfg = Release|Any CPU
		{EE653A35-F96D-4998-A4BB-3F8801C92937}.Release|Any CPU.Build.0 = Release|Any CPU
		{EE653A35-F96D-4998-A4BB-3F8801C92937}.Release|x86.ActiveCfg = Release|Any CPU
		{EE653A35-F96D-4998-A4BB-3F8801C92937}.Release|x86.Build.0 = Release|Any CPU
		{2DCB303A-17A1-46C3-BAB3-76A5A137036D}.Debug|Any CPU.ActiveCfg = Debug|Any CPU
		{2DCB303A-17A1-46C3-BAB3-76A5A137036D}.Debug|Any CPU.Build.0 = Debug|Any CPU
		{2DCB303A-17A1-46C3-BAB3-76A5A137036D}.Debug|x86.ActiveCfg = Debug|Any CPU
		{2DCB303A-17A1-46C3-BAB3-76A5A137036D}.Debug|x86.Build.0 = Debug|Any CPU
		{2DCB303A-17A1-46C3-BAB3-76A5A137036D}.Release|Any CPU.ActiveCfg = Release|Any CPU
		{2DCB303A-17A1-46C3-BAB3-76A5A137036D}.Release|Any CPU.Build.0 = Release|Any CPU
		{2DCB303A-17A1-46C3-BAB3-76A5A137036D}.Release|x86.ActiveCfg = Release|Any CPU
		{2DCB303A-17A1-46C3-BAB3-76A5A137036D}.Release|x86.Build.0 = Release|Any CPU
		{3C39FA10-63A7-4A07-9C5A-A0CB58B97C7B}.Debug|Any CPU.ActiveCfg = Debug|Any CPU
		{3C39FA10-63A7-4A07-9C5A-A0CB58B97C7B}.Debug|Any CPU.Build.0 = Debug|Any CPU
		{3C39FA10-63A7-4A07-9C5A-A0CB58B97C7B}.Debug|x86.ActiveCfg = Debug|Any CPU
		{3C39FA10-63A7-4A07-9C5A-A0CB58B97C7B}.Debug|x86.Build.0 = Debug|Any CPU
		{3C39FA10-63A7-4A07-9C5A-A0CB58B97C7B}.Release|Any CPU.ActiveCfg = Release|Any CPU
		{3C39FA10-63A7-4A07-9C5A-A0CB58B97C7B}.Release|Any CPU.Build.0 = Release|Any CPU
		{3C39FA10-63A7-4A07-9C5A-A0CB58B97C7B}.Release|x86.ActiveCfg = Release|Any CPU
		{3C39FA10-63A7-4A07-9C5A-A0CB58B97C7B}.Release|x86.Build.0 = Release|Any CPU
		{F88DF8C3-E2A3-4C46-BA06-DE2FBD28B96A}.Debug|Any CPU.ActiveCfg = Debug|Any CPU
		{F88DF8C3-E2A3-4C46-BA06-DE2FBD28B96A}.Debug|Any CPU.Build.0 = Debug|Any CPU
		{F88DF8C3-E2A3-4C46-BA06-DE2FBD28B96A}.Debug|x86.ActiveCfg = Debug|Any CPU
		{F88DF8C3-E2A3-4C46-BA06-DE2FBD28B96A}.Debug|x86.Build.0 = Debug|Any CPU
		{F88DF8C3-E2A3-4C46-BA06-DE2FBD28B96A}.Release|Any CPU.ActiveCfg = Release|Any CPU
		{F88DF8C3-E2A3-4C46-BA06-DE2FBD28B96A}.Release|Any CPU.Build.0 = Release|Any CPU
		{F88DF8C3-E2A3-4C46-BA06-DE2FBD28B96A}.Release|x86.ActiveCfg = Release|Any CPU
		{F88DF8C3-E2A3-4C46-BA06-DE2FBD28B96A}.Release|x86.Build.0 = Release|Any CPU
		{DE8127CB-4D9D-411A-958E-5171954D471A}.Debug|Any CPU.ActiveCfg = Debug|Any CPU
		{DE8127CB-4D9D-411A-958E-5171954D471A}.Debug|Any CPU.Build.0 = Debug|Any CPU
		{DE8127CB-4D9D-411A-958E-5171954D471A}.Debug|x86.ActiveCfg = Debug|Any CPU
		{DE8127CB-4D9D-411A-958E-5171954D471A}.Debug|x86.Build.0 = Debug|Any CPU
		{DE8127CB-4D9D-411A-958E-5171954D471A}.Release|Any CPU.ActiveCfg = Release|Any CPU
		{DE8127CB-4D9D-411A-958E-5171954D471A}.Release|Any CPU.Build.0 = Release|Any CPU
		{DE8127CB-4D9D-411A-958E-5171954D471A}.Release|x86.ActiveCfg = Release|Any CPU
		{DE8127CB-4D9D-411A-958E-5171954D471A}.Release|x86.Build.0 = Release|Any CPU
		{369EB313-3DFE-40F9-BE41-128183A1ECB6}.Debug|Any CPU.ActiveCfg = Debug|Any CPU
		{369EB313-3DFE-40F9-BE41-128183A1ECB6}.Debug|Any CPU.Build.0 = Debug|Any CPU
		{369EB313-3DFE-40F9-BE41-128183A1ECB6}.Debug|x86.ActiveCfg = Debug|Any CPU
		{369EB313-3DFE-40F9-BE41-128183A1ECB6}.Debug|x86.Build.0 = Debug|Any CPU
		{369EB313-3DFE-40F9-BE41-128183A1ECB6}.Release|Any CPU.ActiveCfg = Release|Any CPU
		{369EB313-3DFE-40F9-BE41-128183A1ECB6}.Release|Any CPU.Build.0 = Release|Any CPU
		{369EB313-3DFE-40F9-BE41-128183A1ECB6}.Release|x86.ActiveCfg = Release|Any CPU
		{369EB313-3DFE-40F9-BE41-128183A1ECB6}.Release|x86.Build.0 = Release|Any CPU
		{A63CC063-F589-4901-8B3C-28EED2E9B6BB}.Debug|Any CPU.ActiveCfg = Debug|Any CPU
		{A63CC063-F589-4901-8B3C-28EED2E9B6BB}.Debug|Any CPU.Build.0 = Debug|Any CPU
		{A63CC063-F589-4901-8B3C-28EED2E9B6BB}.Debug|x86.ActiveCfg = Debug|Any CPU
		{A63CC063-F589-4901-8B3C-28EED2E9B6BB}.Debug|x86.Build.0 = Debug|Any CPU
		{A63CC063-F589-4901-8B3C-28EED2E9B6BB}.Release|Any CPU.ActiveCfg = Release|Any CPU
		{A63CC063-F589-4901-8B3C-28EED2E9B6BB}.Release|Any CPU.Build.0 = Release|Any CPU
		{A63CC063-F589-4901-8B3C-28EED2E9B6BB}.Release|x86.ActiveCfg = Release|Any CPU
		{A63CC063-F589-4901-8B3C-28EED2E9B6BB}.Release|x86.Build.0 = Release|Any CPU
		{B7E8475A-7AE7-47EA-BB9A-6DEDE9C9E31E}.Debug|Any CPU.ActiveCfg = Debug|Any CPU
		{B7E8475A-7AE7-47EA-BB9A-6DEDE9C9E31E}.Debug|Any CPU.Build.0 = Debug|Any CPU
		{B7E8475A-7AE7-47EA-BB9A-6DEDE9C9E31E}.Debug|x86.ActiveCfg = Debug|Any CPU
		{B7E8475A-7AE7-47EA-BB9A-6DEDE9C9E31E}.Debug|x86.Build.0 = Debug|Any CPU
		{B7E8475A-7AE7-47EA-BB9A-6DEDE9C9E31E}.Release|Any CPU.ActiveCfg = Release|Any CPU
		{B7E8475A-7AE7-47EA-BB9A-6DEDE9C9E31E}.Release|Any CPU.Build.0 = Release|Any CPU
		{B7E8475A-7AE7-47EA-BB9A-6DEDE9C9E31E}.Release|x86.ActiveCfg = Release|Any CPU
		{B7E8475A-7AE7-47EA-BB9A-6DEDE9C9E31E}.Release|x86.Build.0 = Release|Any CPU
		{700EE474-83A3-41C6-8163-11ABFD517A1E}.Debug|Any CPU.ActiveCfg = Debug|Any CPU
		{700EE474-83A3-41C6-8163-11ABFD517A1E}.Debug|Any CPU.Build.0 = Debug|Any CPU
		{700EE474-83A3-41C6-8163-11ABFD517A1E}.Debug|x86.ActiveCfg = Debug|Any CPU
		{700EE474-83A3-41C6-8163-11ABFD517A1E}.Debug|x86.Build.0 = Debug|Any CPU
		{700EE474-83A3-41C6-8163-11ABFD517A1E}.Release|Any CPU.ActiveCfg = Release|Any CPU
		{700EE474-83A3-41C6-8163-11ABFD517A1E}.Release|Any CPU.Build.0 = Release|Any CPU
		{700EE474-83A3-41C6-8163-11ABFD517A1E}.Release|x86.ActiveCfg = Release|Any CPU
		{700EE474-83A3-41C6-8163-11ABFD517A1E}.Release|x86.Build.0 = Release|Any CPU
		{78072A0A-3A0F-471A-87A1-3A25E7BF0A17}.Debug|Any CPU.ActiveCfg = Debug|Any CPU
		{78072A0A-3A0F-471A-87A1-3A25E7BF0A17}.Debug|Any CPU.Build.0 = Debug|Any CPU
		{78072A0A-3A0F-471A-87A1-3A25E7BF0A17}.Debug|x86.ActiveCfg = Debug|Any CPU
		{78072A0A-3A0F-471A-87A1-3A25E7BF0A17}.Debug|x86.Build.0 = Debug|Any CPU
		{78072A0A-3A0F-471A-87A1-3A25E7BF0A17}.Release|Any CPU.ActiveCfg = Release|Any CPU
		{78072A0A-3A0F-471A-87A1-3A25E7BF0A17}.Release|Any CPU.Build.0 = Release|Any CPU
		{78072A0A-3A0F-471A-87A1-3A25E7BF0A17}.Release|x86.ActiveCfg = Release|Any CPU
		{78072A0A-3A0F-471A-87A1-3A25E7BF0A17}.Release|x86.Build.0 = Release|Any CPU
		{739AF55A-290E-4EBD-878E-520C2A1A3EF9}.Debug|Any CPU.ActiveCfg = Debug|Any CPU
		{739AF55A-290E-4EBD-878E-520C2A1A3EF9}.Debug|Any CPU.Build.0 = Debug|Any CPU
		{739AF55A-290E-4EBD-878E-520C2A1A3EF9}.Debug|x86.ActiveCfg = Debug|Any CPU
		{739AF55A-290E-4EBD-878E-520C2A1A3EF9}.Debug|x86.Build.0 = Debug|Any CPU
		{739AF55A-290E-4EBD-878E-520C2A1A3EF9}.Release|Any CPU.ActiveCfg = Release|Any CPU
		{739AF55A-290E-4EBD-878E-520C2A1A3EF9}.Release|Any CPU.Build.0 = Release|Any CPU
		{739AF55A-290E-4EBD-878E-520C2A1A3EF9}.Release|x86.ActiveCfg = Release|Any CPU
		{739AF55A-290E-4EBD-878E-520C2A1A3EF9}.Release|x86.Build.0 = Release|Any CPU
		{4A2C2E2B-3813-427E-AFDD-2E6B5F48F682}.Debug|Any CPU.ActiveCfg = Debug|Any CPU
		{4A2C2E2B-3813-427E-AFDD-2E6B5F48F682}.Debug|Any CPU.Build.0 = Debug|Any CPU
		{4A2C2E2B-3813-427E-AFDD-2E6B5F48F682}.Debug|x86.ActiveCfg = Debug|Any CPU
		{4A2C2E2B-3813-427E-AFDD-2E6B5F48F682}.Debug|x86.Build.0 = Debug|Any CPU
		{4A2C2E2B-3813-427E-AFDD-2E6B5F48F682}.Release|Any CPU.ActiveCfg = Release|Any CPU
		{4A2C2E2B-3813-427E-AFDD-2E6B5F48F682}.Release|Any CPU.Build.0 = Release|Any CPU
		{4A2C2E2B-3813-427E-AFDD-2E6B5F48F682}.Release|x86.ActiveCfg = Release|Any CPU
		{4A2C2E2B-3813-427E-AFDD-2E6B5F48F682}.Release|x86.Build.0 = Release|Any CPU
		{B8CF3323-D069-4399-B762-F8B7FA716F7E}.Debug|Any CPU.ActiveCfg = Debug|Any CPU
		{B8CF3323-D069-4399-B762-F8B7FA716F7E}.Debug|Any CPU.Build.0 = Debug|Any CPU
		{B8CF3323-D069-4399-B762-F8B7FA716F7E}.Debug|x86.ActiveCfg = Debug|Any CPU
		{B8CF3323-D069-4399-B762-F8B7FA716F7E}.Debug|x86.Build.0 = Debug|Any CPU
		{B8CF3323-D069-4399-B762-F8B7FA716F7E}.Release|Any CPU.ActiveCfg = Release|Any CPU
		{B8CF3323-D069-4399-B762-F8B7FA716F7E}.Release|Any CPU.Build.0 = Release|Any CPU
		{B8CF3323-D069-4399-B762-F8B7FA716F7E}.Release|x86.ActiveCfg = Release|Any CPU
		{B8CF3323-D069-4399-B762-F8B7FA716F7E}.Release|x86.Build.0 = Release|Any CPU
		{DFC6A03C-7FC7-49E3-B776-7436142BB79E}.Debug|Any CPU.ActiveCfg = Debug|Any CPU
		{DFC6A03C-7FC7-49E3-B776-7436142BB79E}.Debug|Any CPU.Build.0 = Debug|Any CPU
		{DFC6A03C-7FC7-49E3-B776-7436142BB79E}.Debug|x86.ActiveCfg = Debug|Any CPU
		{DFC6A03C-7FC7-49E3-B776-7436142BB79E}.Debug|x86.Build.0 = Debug|Any CPU
		{DFC6A03C-7FC7-49E3-B776-7436142BB79E}.Release|Any CPU.ActiveCfg = Release|Any CPU
		{DFC6A03C-7FC7-49E3-B776-7436142BB79E}.Release|Any CPU.Build.0 = Release|Any CPU
		{DFC6A03C-7FC7-49E3-B776-7436142BB79E}.Release|x86.ActiveCfg = Release|Any CPU
		{DFC6A03C-7FC7-49E3-B776-7436142BB79E}.Release|x86.Build.0 = Release|Any CPU
	EndGlobalSection
	GlobalSection(SolutionProperties) = preSolution
		HideSolutionNode = FALSE
	EndGlobalSection
	GlobalSection(ExtensibilityGlobals) = postSolution
		SolutionGuid = {E21F9428-6DB4-4447-B4CA-76B8452FB81C}
	EndGlobalSection
EndGlobal
